
Microsoft Visual Studio Solution File, Format Version 12.00
# Visual Studio Version 17
VisualStudioVersion = 17.1.32421.90
MinimumVisualStudioVersion = 10.0.40219.1
Project("{9A19103F-16F7-4668-BE54-9A1E7A4F7556}") = "Pizza.Api", "Pizza.Api\Pizza.Api.csproj", "{AB6FF135-FC3C-448A-B3E9-054D5302E6DD}"
EndProject
Project("{9A19103F-16F7-4668-BE54-9A1E7A4F7556}") = "Pizza.Data", "Pizza.Data\Pizza.Data.csproj", "{85C5A4EC-7582-48C3-A97E-6FA53312D700}"
EndProject
Project("{2150E333-8FDC-42A3-9474-1A3956D46DE8}") = "Solution Items", "Solution Items", "{4C4931CD-E443-42E0-8168-3FF70A3D5460}"
	ProjectSection(SolutionItems) = preProject
		.editorconfig = .editorconfig
	EndProjectSection
EndProject
Project("{9A19103F-16F7-4668-BE54-9A1E7A4F7556}") = "Pizza.Bll", "Pizza.Bll\Pizza.Bll.csproj", "{779C5245-3636-4107-9877-453E72E03C58}"
EndProject
Project("{FAE04EC0-301F-11D3-BF4B-00C04F79EFBC}") = "Pizza.Tests", "Pizza.Tests\Pizza.Tests.csproj", "{195AFDAF-D4A7-4458-8DC8-9C16582D7A1A}"
EndProject
Project("{2150E333-8FDC-42A3-9474-1A3956D46DE8}") = "Tests", "Tests", "{7E155F03-AA9A-441E-B1F2-911A2A10DD10}"
EndProject
Global
	GlobalSection(SolutionConfigurationPlatforms) = preSolution
		Debug|Any CPU = Debug|Any CPU
		Release|Any CPU = Release|Any CPU
	EndGlobalSection
	GlobalSection(ProjectConfigurationPlatforms) = postSolution
		{AB6FF135-FC3C-448A-B3E9-054D5302E6DD}.Debug|Any CPU.ActiveCfg = Debug|Any CPU
		{AB6FF135-FC3C-448A-B3E9-054D5302E6DD}.Debug|Any CPU.Build.0 = Debug|Any CPU
		{AB6FF135-FC3C-448A-B3E9-054D5302E6DD}.Release|Any CPU.ActiveCfg = Release|Any CPU
		{AB6FF135-FC3C-448A-B3E9-054D5302E6DD}.Release|Any CPU.Build.0 = Release|Any CPU
		{85C5A4EC-7582-48C3-A97E-6FA53312D700}.Debug|Any CPU.ActiveCfg = Debug|Any CPU
		{85C5A4EC-7582-48C3-A97E-6FA53312D700}.Debug|Any CPU.Build.0 = Debug|Any CPU
		{85C5A4EC-7582-48C3-A97E-6FA53312D700}.Release|Any CPU.ActiveCfg = Release|Any CPU
		{85C5A4EC-7582-48C3-A97E-6FA53312D700}.Release|Any CPU.Build.0 = Release|Any CPU
		{779C5245-3636-4107-9877-453E72E03C58}.Debug|Any CPU.ActiveCfg = Debug|Any CPU
		{779C5245-3636-4107-9877-453E72E03C58}.Debug|Any CPU.Build.0 = Debug|Any CPU
		{779C5245-3636-4107-9877-453E72E03C58}.Release|Any CPU.ActiveCfg = Release|Any CPU
		{779C5245-3636-4107-9877-453E72E03C58}.Release|Any CPU.Build.0 = Release|Any CPU
		{195AFDAF-D4A7-4458-8DC8-9C16582D7A1A}.Debug|Any CPU.ActiveCfg = Debug|Any CPU
		{195AFDAF-D4A7-4458-8DC8-9C16582D7A1A}.Debug|Any CPU.Build.0 = Debug|Any CPU
		{195AFDAF-D4A7-4458-8DC8-9C16582D7A1A}.Release|Any CPU.ActiveCfg = Release|Any CPU
		{195AFDAF-D4A7-4458-8DC8-9C16582D7A1A}.Release|Any CPU.Build.0 = Release|Any CPU
	EndGlobalSection
	GlobalSection(SolutionProperties) = preSolution
		HideSolutionNode = FALSE
	EndGlobalSection
	GlobalSection(NestedProjects) = preSolution
		{195AFDAF-D4A7-4458-8DC8-9C16582D7A1A} = {7E155F03-AA9A-441E-B1F2-911A2A10DD10}
	EndGlobalSection
	GlobalSection(ExtensibilityGlobals) = postSolution
		SolutionGuid = {7C6786E3-B626-4C86-B84B-AA2D0819969A}
	EndGlobalSection
EndGlobal
